
Microsoft Visual Studio Solution File, Format Version 12.00
# Visual Studio Version 17 ... LOL Yeah like I use that god forsaken mess of an IDE, this is only 'dotnet' with vsc
VisualStudioVersion = 17.0.31903.59
MinimumVisualStudioVersion = 10.0.40219.1
Project("{FAE04EC0-301F-11D3-BF4B-00C04F79EFBC}") = "Locker", "Locker.csproj", "{4DAA95A4-0A51-4E03-84D2-D35CECD062C7}"
EndProject
Global
	GlobalSection(SolutionConfigurationPlatforms) = preSolution
		Debug|Any CPU = Debug|Any CPU
		Release|Any CPU = Release|Any CPU
		bin|Any CPU = bin|Any CPU
		bin Copy|Any CPU = bin Copy|Any CPU
	EndGlobalSection
	GlobalSection(SolutionProperties) = preSolution
		HideSolutionNode = FALSE
	EndGlobalSection
	GlobalSection(ProjectConfigurationPlatforms) = postSolution
		{4DAA95A4-0A51-4E03-84D2-D35CECD062C7}.Debug|Any CPU.ActiveCfg = Debug|Any CPU
		{4DAA95A4-0A51-4E03-84D2-D35CECD062C7}.Debug|Any CPU.Build.0 = Debug|Any CPU
		{4DAA95A4-0A51-4E03-84D2-D35CECD062C7}.Release|Any CPU.ActiveCfg = Release|Any CPU
		{4DAA95A4-0A51-4E03-84D2-D35CECD062C7}.Release|Any CPU.Build.0 = Release|Any CPU
		{4DAA95A4-0A51-4E03-84D2-D35CECD062C7}.bin|Any CPU.ActiveCfg = bin|Any CPU
		{4DAA95A4-0A51-4E03-84D2-D35CECD062C7}.bin|Any CPU.Build.0 = bin|Any CPU
		{4DAA95A4-0A51-4E03-84D2-D35CECD062C7}.bin Copy|Any CPU.ActiveCfg = bin Copy|Any CPU
		{4DAA95A4-0A51-4E03-84D2-D35CECD062C7}.bin Copy|Any CPU.Build.0 = bin Copy|Any CPU
	EndGlobalSection
EndGlobal
